
Microsoft Visual Studio Solution File, Format Version 12.00
# Visual Studio Version 17
VisualStudioVersion = 17.2.32616.157
MinimumVisualStudioVersion = 10.0.40219.1
Project("{FAE04EC0-301F-11D3-BF4B-00C04F79EFBC}") = "MyApp1", "MyApp1.csproj", "{E76751C7-41ED-4359-98AB-557E32552936}"
EndProject
Global
	GlobalSection(SolutionConfigurationPlatforms) = preSolution
		Debug|Any CPU = Debug|Any CPU
		Release|Any CPU = Release|Any CPU
	EndGlobalSection
	GlobalSection(ProjectConfigurationPlatforms) = postSolution
		{E76751C7-41ED-4359-98AB-557E32552936}.Debug|Any CPU.ActiveCfg = Debug|Any CPU
		{E76751C7-41ED-4359-98AB-557E32552936}.Debug|Any CPU.Build.0 = Debug|Any CPU
		{E76751C7-41ED-4359-98AB-557E32552936}.Release|Any CPU.ActiveCfg = Release|Any CPU
		{E76751C7-41ED-4359-98AB-557E32552936}.Release|Any CPU.Build.0 = Release|Any CPU
	EndGlobalSection
	GlobalSection(SolutionProperties) = preSolution
		HideSolutionNode = FALSE
	EndGlobalSection
	GlobalSection(ExtensibilityGlobals) = postSolution
		SolutionGuid = {3FF54AE5-BE47-411D-AC16-9CC4868B7A99}
	EndGlobalSection
EndGlobal
